
Microsoft Visual Studio Solution File, Format Version 12.00
# Visual Studio 15
VisualStudioVersion = 15.0.28307.136
MinimumVisualStudioVersion = 10.0.40219.1
Project("{2150E333-8FDC-42A3-9474-1A3956D46DE8}") = "src", "src", "{D172C6DD-6FC2-48AF-8154-D465FB64B55D}"
EndProject
Project("{2150E333-8FDC-42A3-9474-1A3956D46DE8}") = "2.2", "2.2", "{FF7B96B3-44D5-49BC-9C3B-B711B97C111A}"
EndProject
Project("{9A19103F-16F7-4668-BE54-9A1E7A4F7556}") = "MiddlewareSample", "src\2.2\MiddlewareSample\MiddlewareSample.csproj", "{37B7E269-857C-4649-9793-4CE5830D1E1F}"
EndProject
Project("{9A19103F-16F7-4668-BE54-9A1E7A4F7556}") = "IdentityMiddlewareSample", "src\2.2\IdentityMiddlewareSample\IdentityMiddlewareSample.csproj", "{D5FC90C2-3621-4A7C-A227-0E146918B2BB}"
EndProject
Project("{9A19103F-16F7-4668-BE54-9A1E7A4F7556}") = "HealthCheckSample", "src\2.2\HealthCheckSample\HealthCheckSample.csproj", "{DB0BB0B8-669A-452E-BCD6-499E71B6CDA6}"
EndProject
Project("{2150E333-8FDC-42A3-9474-1A3956D46DE8}") = "CookieSharing", "CookieSharing", "{F8E66F56-57C8-4236-9987-C69EDD58FDC7}"
EndProject
Project("{FAE04EC0-301F-11D3-BF4B-00C04F79EFBC}") = "MvcApp", "src\2.2\CookieSharing\MvcApp\MvcApp.csproj", "{6CCC8C63-3C89-4FED-876E-AB139F15AF96}"
EndProject
Project("{FAE04EC0-301F-11D3-BF4B-00C04F79EFBC}") = "RazorApp", "src\2.2\CookieSharing\RazorApp\RazorApp.csproj", "{1100C6FF-1589-4421-870E-55E86F1CB72B}"
EndProject
Global
	GlobalSection(SolutionConfigurationPlatforms) = preSolution
		Debug|Any CPU = Debug|Any CPU
		Release|Any CPU = Release|Any CPU
	EndGlobalSection
	GlobalSection(ProjectConfigurationPlatforms) = postSolution
		{37B7E269-857C-4649-9793-4CE5830D1E1F}.Debug|Any CPU.ActiveCfg = Debug|Any CPU
		{37B7E269-857C-4649-9793-4CE5830D1E1F}.Debug|Any CPU.Build.0 = Debug|Any CPU
		{37B7E269-857C-4649-9793-4CE5830D1E1F}.Release|Any CPU.ActiveCfg = Release|Any CPU
		{37B7E269-857C-4649-9793-4CE5830D1E1F}.Release|Any CPU.Build.0 = Release|Any CPU
		{D5FC90C2-3621-4A7C-A227-0E146918B2BB}.Debug|Any CPU.ActiveCfg = Debug|Any CPU
		{D5FC90C2-3621-4A7C-A227-0E146918B2BB}.Debug|Any CPU.Build.0 = Debug|Any CPU
		{D5FC90C2-3621-4A7C-A227-0E146918B2BB}.Release|Any CPU.ActiveCfg = Release|Any CPU
		{D5FC90C2-3621-4A7C-A227-0E146918B2BB}.Release|Any CPU.Build.0 = Release|Any CPU
		{DB0BB0B8-669A-452E-BCD6-499E71B6CDA6}.Debug|Any CPU.ActiveCfg = Debug|Any CPU
		{DB0BB0B8-669A-452E-BCD6-499E71B6CDA6}.Debug|Any CPU.Build.0 = Debug|Any CPU
		{DB0BB0B8-669A-452E-BCD6-499E71B6CDA6}.Release|Any CPU.ActiveCfg = Release|Any CPU
		{DB0BB0B8-669A-452E-BCD6-499E71B6CDA6}.Release|Any CPU.Build.0 = Release|Any CPU
		{6CCC8C63-3C89-4FED-876E-AB139F15AF96}.Debug|Any CPU.ActiveCfg = Debug|Any CPU
		{6CCC8C63-3C89-4FED-876E-AB139F15AF96}.Debug|Any CPU.Build.0 = Debug|Any CPU
		{6CCC8C63-3C89-4FED-876E-AB139F15AF96}.Release|Any CPU.ActiveCfg = Release|Any CPU
		{6CCC8C63-3C89-4FED-876E-AB139F15AF96}.Release|Any CPU.Build.0 = Release|Any CPU
		{1100C6FF-1589-4421-870E-55E86F1CB72B}.Debug|Any CPU.ActiveCfg = Debug|Any CPU
		{1100C6FF-1589-4421-870E-55E86F1CB72B}.Debug|Any CPU.Build.0 = Debug|Any CPU
		{1100C6FF-1589-4421-870E-55E86F1CB72B}.Release|Any CPU.ActiveCfg = Release|Any CPU
		{1100C6FF-1589-4421-870E-55E86F1CB72B}.Release|Any CPU.Build.0 = Release|Any CPU
	EndGlobalSection
	GlobalSection(SolutionProperties) = preSolution
		HideSolutionNode = FALSE
	EndGlobalSection
	GlobalSection(NestedProjects) = preSolution
		{FF7B96B3-44D5-49BC-9C3B-B711B97C111A} = {D172C6DD-6FC2-48AF-8154-D465FB64B55D}
		{37B7E269-857C-4649-9793-4CE5830D1E1F} = {FF7B96B3-44D5-49BC-9C3B-B711B97C111A}
		{D5FC90C2-3621-4A7C-A227-0E146918B2BB} = {FF7B96B3-44D5-49BC-9C3B-B711B97C111A}
		{DB0BB0B8-669A-452E-BCD6-499E71B6CDA6} = {FF7B96B3-44D5-49BC-9C3B-B711B97C111A}
		{F8E66F56-57C8-4236-9987-C69EDD58FDC7} = {FF7B96B3-44D5-49BC-9C3B-B711B97C111A}
		{6CCC8C63-3C89-4FED-876E-AB139F15AF96} = {F8E66F56-57C8-4236-9987-C69EDD58FDC7}
		{1100C6FF-1589-4421-870E-55E86F1CB72B} = {F8E66F56-57C8-4236-9987-C69EDD58FDC7}
	EndGlobalSection
	GlobalSection(ExtensibilityGlobals) = postSolution
		SolutionGuid = {67495B07-4963-4C19-9D1D-06D94F4C499A}
	EndGlobalSection
EndGlobal
